
Microsoft Visual Studio Solution File, Format Version 12.00
# Visual Studio Version 16
VisualStudioVersion = 16.0.31321.278
MinimumVisualStudioVersion = 10.0.40219.1
Project("{FAE04EC0-301F-11D3-BF4B-00C04F79EFBC}") = "CapaDatos", "CapaDatos\CapaDatos.csproj", "{9AE927B0-7183-44C2-AC48-FA1A43156EE2}"
EndProject
Project("{FAE04EC0-301F-11D3-BF4B-00C04F79EFBC}") = "CapaNegocio", "CapaNegocio\CapaNegocio.csproj", "{A2AF4500-91FD-4A14-A6F6-B11CA6EE7D9D}"
EndProject
Project("{FAE04EC0-301F-11D3-BF4B-00C04F79EFBC}") = "CapaPresentacion", "CapaPresentacion\CapaPresentacion.csproj", "{BEBC473C-4AD7-4D1C-A5CF-523A616AFABC}"
EndProject
Global
	GlobalSection(SolutionConfigurationPlatforms) = preSolution
		Debug|Any CPU = Debug|Any CPU
		Release|Any CPU = Release|Any CPU
	EndGlobalSection
	GlobalSection(ProjectConfigurationPlatforms) = postSolution
		{9AE927B0-7183-44C2-AC48-FA1A43156EE2}.Debug|Any CPU.ActiveCfg = Debug|Any CPU
		{9AE927B0-7183-44C2-AC48-FA1A43156EE2}.Debug|Any CPU.Build.0 = Debug|Any CPU
		{9AE927B0-7183-44C2-AC48-FA1A43156EE2}.Release|Any CPU.ActiveCfg = Release|Any CPU
		{9AE927B0-7183-44C2-AC48-FA1A43156EE2}.Release|Any CPU.Build.0 = Release|Any CPU
		{A2AF4500-91FD-4A14-A6F6-B11CA6EE7D9D}.Debug|Any CPU.ActiveCfg = Debug|Any CPU
		{A2AF4500-91FD-4A14-A6F6-B11CA6EE7D9D}.Debug|Any CPU.Build.0 = Debug|Any CPU
		{A2AF4500-91FD-4A14-A6F6-B11CA6EE7D9D}.Release|Any CPU.ActiveCfg = Release|Any CPU
		{A2AF4500-91FD-4A14-A6F6-B11CA6EE7D9D}.Release|Any CPU.Build.0 = Release|Any CPU
		{BEBC473C-4AD7-4D1C-A5CF-523A616AFABC}.Debug|Any CPU.ActiveCfg = Debug|Any CPU
		{BEBC473C-4AD7-4D1C-A5CF-523A616AFABC}.Debug|Any CPU.Build.0 = Debug|Any CPU
		{BEBC473C-4AD7-4D1C-A5CF-523A616AFABC}.Release|Any CPU.ActiveCfg = Release|Any CPU
		{BEBC473C-4AD7-4D1C-A5CF-523A616AFABC}.Release|Any CPU.Build.0 = Release|Any CPU
	EndGlobalSection
	GlobalSection(SolutionProperties) = preSolution
		HideSolutionNode = FALSE
	EndGlobalSection
	GlobalSection(ExtensibilityGlobals) = postSolution
		SolutionGuid = {5C892218-A432-4708-A9A1-B28554137AE3}
	EndGlobalSection
EndGlobal
